<?xml version="1.0" encoding="UTF-8"?>
<!DOCTYPE plist PUBLIC "-//Apple//DTD PLIST 1.0//EN" "http://www.apple.com/DTDs/PropertyList-1.0.dtd">
<plist version="1.0">
<dict>
	<key>archiveVersion</key>
	<string>1</string>
	<key>classes</key>
	<dict/>
	<key>objectVersion</key>
	<string>46</string>
	<key>objects</key>
	<dict>
		<key>1DBAFD0CA90B4FE19926428F</key>
		<dict>
			<key>includeInIndex</key>
			<string>1</string>
			<key>isa</key>
			<string>PBXFileReference</string>
			<key>lastKnownFileType</key>
			<string>text.xcconfig</string>
			<key>name</key>
			<string>Pods.xcconfig</string>
			<key>path</key>
			<string>Pods/Pods.xcconfig</string>
			<key>sourceTree</key>
			<string>SOURCE_ROOT</string>
		</dict>
		<key>259DC5E016C9B56B00045C36</key>
		<dict>
			<key>children</key>
			<array>
				<string>259DC5F416C9B56B00045C36</string>
				<string>259DC61F16C9B56C00045C36</string>
				<string>259DC5EB16C9B56B00045C36</string>
				<string>259DC5EA16C9B56B00045C36</string>
				<string>1DBAFD0CA90B4FE19926428F</string>
			</array>
			<key>isa</key>
			<string>PBXGroup</string>
			<key>sourceTree</key>
			<string>&lt;group&gt;</string>
		</dict>
		<key>259DC5E116C9B56B00045C36</key>
		<dict>
			<key>attributes</key>
			<dict>
				<key>CLASSPREFIX</key>
				<string>RKG</string>
				<key>LastUpgradeCheck</key>
				<string>0460</string>
				<key>ORGANIZATIONNAME</key>
				<string>RestKit</string>
			</dict>
			<key>buildConfigurationList</key>
			<string>259DC5E416C9B56B00045C36</string>
			<key>compatibilityVersion</key>
			<string>Xcode 3.2</string>
			<key>developmentRegion</key>
			<string>English</string>
			<key>hasScannedForEncodings</key>
			<string>0</string>
			<key>isa</key>
			<string>PBXProject</string>
			<key>knownRegions</key>
			<array>
				<string>en</string>
			</array>
			<key>mainGroup</key>
			<string>259DC5E016C9B56B00045C36</string>
			<key>productRefGroup</key>
			<string>259DC5EA16C9B56B00045C36</string>
			<key>projectDirPath</key>
			<string></string>
			<key>projectReferences</key>
			<array/>
			<key>projectRoot</key>
			<string></string>
			<key>targets</key>
			<array>
				<string>259DC5E816C9B56B00045C36</string>
				<string>259DC61616C9B56C00045C36</string>
			</array>
		</dict>
		<key>259DC5E416C9B56B00045C36</key>
		<dict>
			<key>buildConfigurations</key>
			<array>
				<string>259DC62816C9B56C00045C36</string>
				<string>259DC62916C9B56C00045C36</string>
			</array>
			<key>defaultConfigurationIsVisible</key>
			<string>0</string>
			<key>defaultConfigurationName</key>
			<string>Release</string>
			<key>isa</key>
			<string>XCConfigurationList</string>
		</dict>
		<key>259DC5E516C9B56B00045C36</key>
		<dict>
			<key>buildActionMask</key>
			<string>2147483647</string>
			<key>files</key>
			<array>
				<string>259DC5FB16C9B56B00045C36</string>
				<string>259DC5FF16C9B56B00045C36</string>
				<string>259DC60B16C9B56B00045C36</string>
				<string>259DC60E16C9B56B00045C36</string>
				<string>259DC61116C9B56B00045C36</string>
			</array>
			<key>isa</key>
			<string>PBXSourcesBuildPhase</string>
			<key>runOnlyForDeploymentPostprocessing</key>
			<string>0</string>
		</dict>
		<key>259DC5E616C9B56B00045C36</key>
		<dict>
			<key>buildActionMask</key>
			<string>2147483647</string>
			<key>files</key>
			<array>
				<string>259DC5ED16C9B56B00045C36</string>
				<string>259DC5EF16C9B56B00045C36</string>
				<string>259DC5F116C9B56B00045C36</string>
				<string>259DC5F316C9B56B00045C36</string>
				<string>50D65A37938942BE8A8734FD</string>
			</array>
			<key>isa</key>
			<string>PBXFrameworksBuildPhase</string>
			<key>runOnlyForDeploymentPostprocessing</key>
			<string>0</string>
		</dict>
		<key>259DC5E716C9B56B00045C36</key>
		<dict>
			<key>buildActionMask</key>
			<string>2147483647</string>
			<key>files</key>
			<array>
				<string>259DC5F916C9B56B00045C36</string>
				<string>259DC60116C9B56B00045C36</string>
				<string>259DC60316C9B56B00045C36</string>
				<string>259DC60516C9B56B00045C36</string>
				<string>259DC60816C9B56B00045C36</string>
			</array>
			<key>isa</key>
			<string>PBXResourcesBuildPhase</string>
			<key>runOnlyForDeploymentPostprocessing</key>
			<string>0</string>
		</dict>
		<key>259DC5E816C9B56B00045C36</key>
		<dict>
			<key>buildConfigurationList</key>
			<string>259DC62A16C9B56C00045C36</string>
			<key>buildPhases</key>
			<array>
				<string>259DC5E516C9B56B00045C36</string>
				<string>259DC5E616C9B56B00045C36</string>
				<string>259DC5E716C9B56B00045C36</string>
				<string>44ED6A90347B416391D9847E</string>
			</array>
			<key>buildRules</key>
			<array/>
			<key>dependencies</key>
			<array/>
			<key>isa</key>
			<string>PBXNativeTarget</string>
			<key>name</key>
			<string>RKGist</string>
			<key>productName</key>
			<string>RKGist</string>
			<key>productReference</key>
			<string>259DC5E916C9B56B00045C36</string>
			<key>productType</key>
			<string>com.apple.product-type.application</string>
		</dict>
		<key>259DC5E916C9B56B00045C36</key>
		<dict>
			<key>explicitFileType</key>
			<string>wrapper.application</string>
			<key>includeInIndex</key>
			<string>0</string>
			<key>isa</key>
			<string>PBXFileReference</string>
			<key>path</key>
			<string>RKGist.app</string>
			<key>sourceTree</key>
			<string>BUILT_PRODUCTS_DIR</string>
		</dict>
		<key>259DC5EA16C9B56B00045C36</key>
		<dict>
			<key>children</key>
			<array>
				<string>259DC5E916C9B56B00045C36</string>
				<string>259DC61716C9B56C00045C36</string>
			</array>
			<key>isa</key>
			<string>PBXGroup</string>
			<key>name</key>
			<string>Products</string>
			<key>sourceTree</key>
			<string>&lt;group&gt;</string>
		</dict>
		<key>259DC5EB16C9B56B00045C36</key>
		<dict>
			<key>children</key>
			<array>
				<string>259DC5EC16C9B56B00045C36</string>
				<string>259DC5EE16C9B56B00045C36</string>
				<string>259DC5F016C9B56B00045C36</string>
				<string>259DC5F216C9B56B00045C36</string>
				<string>259DC61816C9B56C00045C36</string>
				<string>9F50564DCB314D8C829CBDAB</string>
			</array>
			<key>isa</key>
			<string>PBXGroup</string>
			<key>name</key>
			<string>Frameworks</string>
			<key>sourceTree</key>
			<string>&lt;group&gt;</string>
		</dict>
		<key>259DC5EC16C9B56B00045C36</key>
		<dict>
			<key>isa</key>
			<string>PBXFileReference</string>
			<key>lastKnownFileType</key>
			<string>wrapper.framework</string>
			<key>name</key>
			<string>UIKit.framework</string>
			<key>path</key>
			<string>System/Library/Frameworks/UIKit.framework</string>
			<key>sourceTree</key>
			<string>SDKROOT</string>
		</dict>
		<key>259DC5ED16C9B56B00045C36</key>
		<dict>
			<key>fileRef</key>
			<string>259DC5EC16C9B56B00045C36</string>
			<key>isa</key>
			<string>PBXBuildFile</string>
		</dict>
		<key>259DC5EE16C9B56B00045C36</key>
		<dict>
			<key>isa</key>
			<string>PBXFileReference</string>
			<key>lastKnownFileType</key>
			<string>wrapper.framework</string>
			<key>name</key>
			<string>Foundation.framework</string>
			<key>path</key>
			<string>System/Library/Frameworks/Foundation.framework</string>
			<key>sourceTree</key>
			<string>SDKROOT</string>
		</dict>
		<key>259DC5EF16C9B56B00045C36</key>
		<dict>
			<key>fileRef</key>
			<string>259DC5EE16C9B56B00045C36</string>
			<key>isa</key>
			<string>PBXBuildFile</string>
		</dict>
		<key>259DC5F016C9B56B00045C36</key>
		<dict>
			<key>isa</key>
			<string>PBXFileReference</string>
			<key>lastKnownFileType</key>
			<string>wrapper.framework</string>
			<key>name</key>
			<string>CoreGraphics.framework</string>
			<key>path</key>
			<string>System/Library/Frameworks/CoreGraphics.framework</string>
			<key>sourceTree</key>
			<string>SDKROOT</string>
		</dict>
		<key>259DC5F116C9B56B00045C36</key>
		<dict>
			<key>fileRef</key>
			<string>259DC5F016C9B56B00045C36</string>
			<key>isa</key>
			<string>PBXBuildFile</string>
		</dict>
		<key>259DC5F216C9B56B00045C36</key>
		<dict>
			<key>isa</key>
			<string>PBXFileReference</string>
			<key>lastKnownFileType</key>
			<string>wrapper.framework</string>
			<key>name</key>
			<string>CoreData.framework</string>
			<key>path</key>
			<string>System/Library/Frameworks/CoreData.framework</string>
			<key>sourceTree</key>
			<string>SDKROOT</string>
		</dict>
		<key>259DC5F316C9B56B00045C36</key>
		<dict>
			<key>fileRef</key>
			<string>259DC5F216C9B56B00045C36</string>
			<key>isa</key>
			<string>PBXBuildFile</string>
		</dict>
		<key>259DC5F416C9B56B00045C36</key>
		<dict>
			<key>children</key>
			<array>
				<string>259DC5FD16C9B56B00045C36</string>
				<string>259DC5FE16C9B56B00045C36</string>
				<string>259DC60616C9B56B00045C36</string>
				<string>259DC60C16C9B56B00045C36</string>
				<string>259DC60D16C9B56B00045C36</string>
				<string>259DC60F16C9B56B00045C36</string>
				<string>259DC61016C9B56B00045C36</string>
				<string>259DC60916C9B56B00045C36</string>
				<string>259DC5F516C9B56B00045C36</string>
			</array>
			<key>isa</key>
			<string>PBXGroup</string>
			<key>path</key>
			<string>RKGist</string>
			<key>sourceTree</key>
			<string>&lt;group&gt;</string>
		</dict>
		<key>259DC5F516C9B56B00045C36</key>
		<dict>
			<key>children</key>
			<array>
				<string>259DC5F616C9B56B00045C36</string>
				<string>259DC5F716C9B56B00045C36</string>
				<string>259DC5FA16C9B56B00045C36</string>
				<string>259DC5FC16C9B56B00045C36</string>
				<string>259DC60016C9B56B00045C36</string>
				<string>259DC60216C9B56B00045C36</string>
				<string>259DC60416C9B56B00045C36</string>
			</array>
			<key>isa</key>
			<string>PBXGroup</string>
			<key>name</key>
			<string>Supporting Files</string>
			<key>sourceTree</key>
			<string>&lt;group&gt;</string>
		</dict>
		<key>259DC5F616C9B56B00045C36</key>
		<dict>
			<key>isa</key>
			<string>PBXFileReference</string>
			<key>lastKnownFileType</key>
			<string>text.plist.xml</string>
			<key>path</key>
			<string>RKGist-Info.plist</string>
			<key>sourceTree</key>
			<string>&lt;group&gt;</string>
		</dict>
		<key>259DC5F716C9B56B00045C36</key>
		<dict>
			<key>children</key>
			<array>
				<string>259DC5F816C9B56B00045C36</string>
			</array>
			<key>isa</key>
			<string>PBXVariantGroup</string>
			<key>name</key>
			<string>InfoPlist.strings</string>
			<key>sourceTree</key>
			<string>&lt;group&gt;</string>
		</dict>
		<key>259DC5F816C9B56B00045C36</key>
		<dict>
			<key>isa</key>
			<string>PBXFileReference</string>
			<key>lastKnownFileType</key>
			<string>text.plist.strings</string>
			<key>name</key>
			<string>en</string>
			<key>path</key>
			<string>en.lproj/InfoPlist.strings</string>
			<key>sourceTree</key>
			<string>&lt;group&gt;</string>
		</dict>
		<key>259DC5F916C9B56B00045C36</key>
		<dict>
			<key>fileRef</key>
			<string>259DC5F716C9B56B00045C36</string>
			<key>isa</key>
			<string>PBXBuildFile</string>
		</dict>
		<key>259DC5FA16C9B56B00045C36</key>
		<dict>
			<key>isa</key>
			<string>PBXFileReference</string>
			<key>lastKnownFileType</key>
			<string>sourcecode.c.objc</string>
			<key>path</key>
			<string>main.m</string>
			<key>sourceTree</key>
			<string>&lt;group&gt;</string>
		</dict>
		<key>259DC5FB16C9B56B00045C36</key>
		<dict>
			<key>fileRef</key>
			<string>259DC5FA16C9B56B00045C36</string>
			<key>isa</key>
			<string>PBXBuildFile</string>
		</dict>
		<key>259DC5FC16C9B56B00045C36</key>
		<dict>
			<key>isa</key>
			<string>PBXFileReference</string>
			<key>lastKnownFileType</key>
			<string>sourcecode.c.h</string>
			<key>path</key>
			<string>RKGist-Prefix.pch</string>
			<key>sourceTree</key>
			<string>&lt;group&gt;</string>
		</dict>
		<key>259DC5FD16C9B56B00045C36</key>
		<dict>
			<key>isa</key>
			<string>PBXFileReference</string>
			<key>lastKnownFileType</key>
			<string>sourcecode.c.h</string>
			<key>path</key>
			<string>RKGAppDelegate.h</string>
			<key>sourceTree</key>
			<string>&lt;group&gt;</string>
		</dict>
		<key>259DC5FE16C9B56B00045C36</key>
		<dict>
			<key>isa</key>
			<string>PBXFileReference</string>
			<key>lastKnownFileType</key>
			<string>sourcecode.c.objc</string>
			<key>path</key>
			<string>RKGAppDelegate.m</string>
			<key>sourceTree</key>
			<string>&lt;group&gt;</string>
		</dict>
		<key>259DC5FF16C9B56B00045C36</key>
		<dict>
			<key>fileRef</key>
			<string>259DC5FE16C9B56B00045C36</string>
			<key>isa</key>
			<string>PBXBuildFile</string>
		</dict>
		<key>259DC60016C9B56B00045C36</key>
		<dict>
			<key>isa</key>
			<string>PBXFileReference</string>
			<key>lastKnownFileType</key>
			<string>image.png</string>
			<key>path</key>
			<string>Default.png</string>
			<key>sourceTree</key>
			<string>&lt;group&gt;</string>
		</dict>
		<key>259DC60116C9B56B00045C36</key>
		<dict>
			<key>fileRef</key>
			<string>259DC60016C9B56B00045C36</string>
			<key>isa</key>
			<string>PBXBuildFile</string>
		</dict>
		<key>259DC60216C9B56B00045C36</key>
		<dict>
			<key>isa</key>
			<string>PBXFileReference</string>
			<key>lastKnownFileType</key>
			<string>image.png</string>
			<key>path</key>
			<string>Default@2x.png</string>
			<key>sourceTree</key>
			<string>&lt;group&gt;</string>
		</dict>
		<key>259DC60316C9B56B00045C36</key>
		<dict>
			<key>fileRef</key>
			<string>259DC60216C9B56B00045C36</string>
			<key>isa</key>
			<string>PBXBuildFile</string>
		</dict>
		<key>259DC60416C9B56B00045C36</key>
		<dict>
			<key>isa</key>
			<string>PBXFileReference</string>
			<key>lastKnownFileType</key>
			<string>image.png</string>
			<key>path</key>
			<string>Default-568h@2x.png</string>
			<key>sourceTree</key>
			<string>&lt;group&gt;</string>
		</dict>
		<key>259DC60516C9B56B00045C36</key>
		<dict>
			<key>fileRef</key>
			<string>259DC60416C9B56B00045C36</string>
			<key>isa</key>
			<string>PBXBuildFile</string>
		</dict>
		<key>259DC60616C9B56B00045C36</key>
		<dict>
			<key>children</key>
			<array>
				<string>259DC60716C9B56B00045C36</string>
			</array>
			<key>isa</key>
			<string>PBXVariantGroup</string>
			<key>name</key>
			<string>MainStoryboard.storyboard</string>
			<key>sourceTree</key>
			<string>&lt;group&gt;</string>
		</dict>
		<key>259DC60716C9B56B00045C36</key>
		<dict>
			<key>isa</key>
			<string>PBXFileReference</string>
			<key>lastKnownFileType</key>
			<string>file.storyboard</string>
			<key>name</key>
			<string>en</string>
			<key>path</key>
			<string>en.lproj/MainStoryboard.storyboard</string>
			<key>sourceTree</key>
			<string>&lt;group&gt;</string>
		</dict>
		<key>259DC60816C9B56B00045C36</key>
		<dict>
			<key>fileRef</key>
			<string>259DC60616C9B56B00045C36</string>
			<key>isa</key>
			<string>PBXBuildFile</string>
		</dict>
		<key>259DC60916C9B56B00045C36</key>
		<dict>
			<key>children</key>
			<array>
				<string>259DC60A16C9B56B00045C36</string>
			</array>
			<key>currentVersion</key>
			<string>259DC60A16C9B56B00045C36</string>
			<key>isa</key>
			<string>XCVersionGroup</string>
			<key>path</key>
			<string>RKGist.xcdatamodeld</string>
			<key>sourceTree</key>
			<string>&lt;group&gt;</string>
			<key>versionGroupType</key>
			<string>wrapper.xcdatamodel</string>
		</dict>
		<key>259DC60A16C9B56B00045C36</key>
		<dict>
			<key>isa</key>
			<string>PBXFileReference</string>
			<key>lastKnownFileType</key>
			<string>wrapper.xcdatamodel</string>
			<key>path</key>
			<string>RKGist.xcdatamodel</string>
			<key>sourceTree</key>
			<string>&lt;group&gt;</string>
		</dict>
		<key>259DC60B16C9B56B00045C36</key>
		<dict>
			<key>fileRef</key>
			<string>259DC60916C9B56B00045C36</string>
			<key>isa</key>
			<string>PBXBuildFile</string>
		</dict>
		<key>259DC60C16C9B56B00045C36</key>
		<dict>
			<key>isa</key>
			<string>PBXFileReference</string>
			<key>lastKnownFileType</key>
			<string>sourcecode.c.h</string>
			<key>path</key>
			<string>RKGMasterViewController.h</string>
			<key>sourceTree</key>
			<string>&lt;group&gt;</string>
		</dict>
		<key>259DC60D16C9B56B00045C36</key>
		<dict>
			<key>isa</key>
			<string>PBXFileReference</string>
			<key>lastKnownFileType</key>
			<string>sourcecode.c.objc</string>
			<key>path</key>
			<string>RKGMasterViewController.m</string>
			<key>sourceTree</key>
			<string>&lt;group&gt;</string>
		</dict>
		<key>259DC60E16C9B56B00045C36</key>
		<dict>
			<key>fileRef</key>
			<string>259DC60D16C9B56B00045C36</string>
			<key>isa</key>
			<string>PBXBuildFile</string>
		</dict>
		<key>259DC60F16C9B56B00045C36</key>
		<dict>
			<key>isa</key>
			<string>PBXFileReference</string>
			<key>lastKnownFileType</key>
			<string>sourcecode.c.h</string>
			<key>path</key>
			<string>RKGDetailViewController.h</string>
			<key>sourceTree</key>
			<string>&lt;group&gt;</string>
		</dict>
		<key>259DC61016C9B56B00045C36</key>
		<dict>
			<key>isa</key>
			<string>PBXFileReference</string>
			<key>lastKnownFileType</key>
			<string>sourcecode.c.objc</string>
			<key>path</key>
			<string>RKGDetailViewController.m</string>
			<key>sourceTree</key>
			<string>&lt;group&gt;</string>
		</dict>
		<key>259DC61116C9B56B00045C36</key>
		<dict>
			<key>fileRef</key>
			<string>259DC61016C9B56B00045C36</string>
			<key>isa</key>
			<string>PBXBuildFile</string>
		</dict>
		<key>259DC61216C9B56C00045C36</key>
		<dict>
			<key>buildActionMask</key>
			<string>2147483647</string>
			<key>files</key>
			<array>
				<string>259DC62716C9B56C00045C36</string>
			</array>
			<key>isa</key>
			<string>PBXSourcesBuildPhase</string>
			<key>runOnlyForDeploymentPostprocessing</key>
			<string>0</string>
		</dict>
		<key>259DC61316C9B56C00045C36</key>
		<dict>
			<key>buildActionMask</key>
			<string>2147483647</string>
			<key>files</key>
			<array>
				<string>259DC61916C9B56C00045C36</string>
				<string>259DC61A16C9B56C00045C36</string>
				<string>259DC61B16C9B56C00045C36</string>
				<string>259DC61C16C9B56C00045C36</string>
			</array>
			<key>isa</key>
			<string>PBXFrameworksBuildPhase</string>
			<key>runOnlyForDeploymentPostprocessing</key>
			<string>0</string>
		</dict>
		<key>259DC61416C9B56C00045C36</key>
		<dict>
			<key>buildActionMask</key>
			<string>2147483647</string>
			<key>files</key>
			<array>
				<string>259DC62416C9B56C00045C36</string>
			</array>
			<key>isa</key>
			<string>PBXResourcesBuildPhase</string>
			<key>runOnlyForDeploymentPostprocessing</key>
			<string>0</string>
		</dict>
		<key>259DC61516C9B56C00045C36</key>
		<dict>
			<key>buildActionMask</key>
			<string>2147483647</string>
			<key>files</key>
			<array/>
			<key>inputPaths</key>
			<array/>
			<key>isa</key>
			<string>PBXShellScriptBuildPhase</string>
			<key>outputPaths</key>
			<array/>
			<key>runOnlyForDeploymentPostprocessing</key>
			<string>0</string>
			<key>shellPath</key>
			<string>/bin/sh</string>
			<key>shellScript</key>
			<string># Run the unit tests in this test bundle.
"${SYSTEM_DEVELOPER_DIR}/Tools/RunUnitTests"
</string>
		</dict>
		<key>259DC61616C9B56C00045C36</key>
		<dict>
			<key>buildConfigurationList</key>
			<string>259DC62D16C9B56C00045C36</string>
			<key>buildPhases</key>
			<array>
				<string>259DC61216C9B56C00045C36</string>
				<string>259DC61316C9B56C00045C36</string>
				<string>259DC61416C9B56C00045C36</string>
				<string>259DC61516C9B56C00045C36</string>
			</array>
			<key>buildRules</key>
			<array/>
			<key>dependencies</key>
			<array>
				<string>259DC61E16C9B56C00045C36</string>
			</array>
			<key>isa</key>
			<string>PBXNativeTarget</string>
			<key>name</key>
			<string>RKGistTests</string>
			<key>productName</key>
			<string>RKGistTests</string>
			<key>productReference</key>
			<string>259DC61716C9B56C00045C36</string>
			<key>productType</key>
			<string>com.apple.product-type.bundle</string>
		</dict>
		<key>259DC61716C9B56C00045C36</key>
		<dict>
			<key>explicitFileType</key>
			<string>wrapper.cfbundle</string>
			<key>includeInIndex</key>
			<string>0</string>
			<key>isa</key>
			<string>PBXFileReference</string>
			<key>path</key>
			<string>RKGistTests.octest</string>
			<key>sourceTree</key>
			<string>BUILT_PRODUCTS_DIR</string>
		</dict>
		<key>259DC61816C9B56C00045C36</key>
		<dict>
			<key>isa</key>
			<string>PBXFileReference</string>
			<key>lastKnownFileType</key>
			<string>wrapper.framework</string>
			<key>name</key>
			<string>SenTestingKit.framework</string>
			<key>path</key>
			<string>Library/Frameworks/SenTestingKit.framework</string>
			<key>sourceTree</key>
			<string>DEVELOPER_DIR</string>
		</dict>
		<key>259DC61916C9B56C00045C36</key>
		<dict>
			<key>fileRef</key>
			<string>259DC61816C9B56C00045C36</string>
			<key>isa</key>
			<string>PBXBuildFile</string>
		</dict>
		<key>259DC61A16C9B56C00045C36</key>
		<dict>
			<key>fileRef</key>
			<string>259DC5EC16C9B56B00045C36</string>
			<key>isa</key>
			<string>PBXBuildFile</string>
		</dict>
		<key>259DC61B16C9B56C00045C36</key>
		<dict>
			<key>fileRef</key>
			<string>259DC5EE16C9B56B00045C36</string>
			<key>isa</key>
			<string>PBXBuildFile</string>
		</dict>
		<key>259DC61C16C9B56C00045C36</key>
		<dict>
			<key>fileRef</key>
			<string>259DC5F216C9B56B00045C36</string>
			<key>isa</key>
			<string>PBXBuildFile</string>
		</dict>
		<key>259DC61D16C9B56C00045C36</key>
		<dict>
			<key>containerPortal</key>
			<string>259DC5E116C9B56B00045C36</string>
			<key>isa</key>
			<string>PBXContainerItemProxy</string>
			<key>proxyType</key>
			<string>1</string>
			<key>remoteGlobalIDString</key>
			<string>259DC5E816C9B56B00045C36</string>
			<key>remoteInfo</key>
			<string>RKGist</string>
		</dict>
		<key>259DC61E16C9B56C00045C36</key>
		<dict>
			<key>isa</key>
			<string>PBXTargetDependency</string>
			<key>target</key>
			<string>259DC5E816C9B56B00045C36</string>
			<key>targetProxy</key>
			<string>259DC61D16C9B56C00045C36</string>
		</dict>
		<key>259DC61F16C9B56C00045C36</key>
		<dict>
			<key>children</key>
			<array>
				<string>259DC62516C9B56C00045C36</string>
				<string>259DC62616C9B56C00045C36</string>
				<string>259DC62016C9B56C00045C36</string>
			</array>
			<key>isa</key>
			<string>PBXGroup</string>
			<key>path</key>
			<string>RKGistTests</string>
			<key>sourceTree</key>
			<string>&lt;group&gt;</string>
		</dict>
		<key>259DC62016C9B56C00045C36</key>
		<dict>
			<key>children</key>
			<array>
				<string>259DC62116C9B56C00045C36</string>
				<string>259DC62216C9B56C00045C36</string>
			</array>
			<key>isa</key>
			<string>PBXGroup</string>
			<key>name</key>
			<string>Supporting Files</string>
			<key>sourceTree</key>
			<string>&lt;group&gt;</string>
		</dict>
		<key>259DC62116C9B56C00045C36</key>
		<dict>
			<key>isa</key>
			<string>PBXFileReference</string>
			<key>lastKnownFileType</key>
			<string>text.plist.xml</string>
			<key>path</key>
			<string>RKGistTests-Info.plist</string>
			<key>sourceTree</key>
			<string>&lt;group&gt;</string>
		</dict>
		<key>259DC62216C9B56C00045C36</key>
		<dict>
			<key>children</key>
			<array>
				<string>259DC62316C9B56C00045C36</string>
			</array>
			<key>isa</key>
			<string>PBXVariantGroup</string>
			<key>name</key>
			<string>InfoPlist.strings</string>
			<key>sourceTree</key>
			<string>&lt;group&gt;</string>
		</dict>
		<key>259DC62316C9B56C00045C36</key>
		<dict>
			<key>isa</key>
			<string>PBXFileReference</string>
			<key>lastKnownFileType</key>
			<string>text.plist.strings</string>
			<key>name</key>
			<string>en</string>
			<key>path</key>
			<string>en.lproj/InfoPlist.strings</string>
			<key>sourceTree</key>
			<string>&lt;group&gt;</string>
		</dict>
		<key>259DC62416C9B56C00045C36</key>
		<dict>
			<key>fileRef</key>
			<string>259DC62216C9B56C00045C36</string>
			<key>isa</key>
			<string>PBXBuildFile</string>
		</dict>
		<key>259DC62516C9B56C00045C36</key>
		<dict>
			<key>isa</key>
			<string>PBXFileReference</string>
			<key>lastKnownFileType</key>
			<string>sourcecode.c.h</string>
			<key>path</key>
			<string>RKGistTests.h</string>
			<key>sourceTree</key>
			<string>&lt;group&gt;</string>
		</dict>
		<key>259DC62616C9B56C00045C36</key>
		<dict>
			<key>isa</key>
			<string>PBXFileReference</string>
			<key>lastKnownFileType</key>
			<string>sourcecode.c.objc</string>
			<key>path</key>
			<string>RKGistTests.m</string>
			<key>sourceTree</key>
			<string>&lt;group&gt;</string>
		</dict>
		<key>259DC62716C9B56C00045C36</key>
		<dict>
			<key>fileRef</key>
			<string>259DC62616C9B56C00045C36</string>
			<key>isa</key>
			<string>PBXBuildFile</string>
		</dict>
		<key>259DC62816C9B56C00045C36</key>
		<dict>
			<key>buildSettings</key>
			<dict>
				<key>ALWAYS_SEARCH_USER_PATHS</key>
				<string>NO</string>
				<key>CLANG_CXX_LANGUAGE_STANDARD</key>
				<string>gnu++0x</string>
				<key>CLANG_CXX_LIBRARY</key>
				<string>libc++</string>
				<key>CLANG_ENABLE_OBJC_ARC</key>
				<string>YES</string>
				<key>CLANG_WARN_CONSTANT_CONVERSION</key>
				<string>YES</string>
				<key>CLANG_WARN_EMPTY_BODY</key>
				<string>YES</string>
				<key>CLANG_WARN_ENUM_CONVERSION</key>
				<string>YES</string>
				<key>CLANG_WARN_INT_CONVERSION</key>
				<string>YES</string>
				<key>CLANG_WARN__DUPLICATE_METHOD_MATCH</key>
				<string>YES</string>
				<key>CODE_SIGN_IDENTITY[sdk=iphoneos*]</key>
				<string>iPhone Developer</string>
				<key>COPY_PHASE_STRIP</key>
				<string>NO</string>
				<key>GCC_C_LANGUAGE_STANDARD</key>
				<string>gnu99</string>
				<key>GCC_DYNAMIC_NO_PIC</key>
				<string>NO</string>
				<key>GCC_OPTIMIZATION_LEVEL</key>
				<string>0</string>
				<key>GCC_PREPROCESSOR_DEFINITIONS</key>
				<array>
					<string>DEBUG=1</string>
					<string>$(inherited)</string>
				</array>
				<key>GCC_SYMBOLS_PRIVATE_EXTERN</key>
				<string>NO</string>
				<key>GCC_WARN_ABOUT_RETURN_TYPE</key>
				<string>YES</string>
				<key>GCC_WARN_UNINITIALIZED_AUTOS</key>
				<string>YES</string>
				<key>GCC_WARN_UNUSED_VARIABLE</key>
				<string>YES</string>
				<key>IPHONEOS_DEPLOYMENT_TARGET</key>
				<string>6.1</string>
				<key>ONLY_ACTIVE_ARCH</key>
				<string>YES</string>
				<key>SDKROOT</key>
				<string>iphoneos</string>
			</dict>
			<key>isa</key>
			<string>XCBuildConfiguration</string>
			<key>name</key>
			<string>Debug</string>
		</dict>
		<key>259DC62916C9B56C00045C36</key>
		<dict>
			<key>buildSettings</key>
			<dict>
				<key>ALWAYS_SEARCH_USER_PATHS</key>
				<string>NO</string>
				<key>CLANG_CXX_LANGUAGE_STANDARD</key>
				<string>gnu++0x</string>
				<key>CLANG_CXX_LIBRARY</key>
				<string>libc++</string>
				<key>CLANG_ENABLE_OBJC_ARC</key>
				<string>YES</string>
				<key>CLANG_WARN_CONSTANT_CONVERSION</key>
				<string>YES</string>
				<key>CLANG_WARN_EMPTY_BODY</key>
				<string>YES</string>
				<key>CLANG_WARN_ENUM_CONVERSION</key>
				<string>YES</string>
				<key>CLANG_WARN_INT_CONVERSION</key>
				<string>YES</string>
				<key>CLANG_WARN__DUPLICATE_METHOD_MATCH</key>
				<string>YES</string>
				<key>CODE_SIGN_IDENTITY[sdk=iphoneos*]</key>
				<string>iPhone Developer</string>
				<key>COPY_PHASE_STRIP</key>
				<string>YES</string>
				<key>GCC_C_LANGUAGE_STANDARD</key>
				<string>gnu99</string>
				<key>GCC_WARN_ABOUT_RETURN_TYPE</key>
				<string>YES</string>
				<key>GCC_WARN_UNINITIALIZED_AUTOS</key>
				<string>YES</string>
				<key>GCC_WARN_UNUSED_VARIABLE</key>
				<string>YES</string>
				<key>IPHONEOS_DEPLOYMENT_TARGET</key>
				<string>6.1</string>
				<key>OTHER_CFLAGS</key>
				<string>-DNS_BLOCK_ASSERTIONS=1</string>
				<key>SDKROOT</key>
				<string>iphoneos</string>
				<key>VALIDATE_PRODUCT</key>
				<string>YES</string>
			</dict>
			<key>isa</key>
			<string>XCBuildConfiguration</string>
			<key>name</key>
			<string>Release</string>
		</dict>
		<key>259DC62A16C9B56C00045C36</key>
		<dict>
			<key>buildConfigurations</key>
			<array>
				<string>259DC62B16C9B56C00045C36</string>
				<string>259DC62C16C9B56C00045C36</string>
			</array>
			<key>defaultConfigurationIsVisible</key>
			<string>0</string>
			<key>isa</key>
			<string>XCConfigurationList</string>
		</dict>
		<key>259DC62B16C9B56C00045C36</key>
		<dict>
			<key>baseConfigurationReference</key>
			<string>1DBAFD0CA90B4FE19926428F</string>
			<key>buildSettings</key>
			<dict>
				<key>GCC_PRECOMPILE_PREFIX_HEADER</key>
				<string>YES</string>
				<key>GCC_PREFIX_HEADER</key>
				<string>RKGist/RKGist-Prefix.pch</string>
				<key>INFOPLIST_FILE</key>
				<string>RKGist/RKGist-Info.plist</string>
				<key>PRODUCT_NAME</key>
				<string>$(TARGET_NAME)</string>
				<key>WRAPPER_EXTENSION</key>
				<string>app</string>
			</dict>
			<key>isa</key>
			<string>XCBuildConfiguration</string>
			<key>name</key>
			<string>Debug</string>
		</dict>
		<key>259DC62C16C9B56C00045C36</key>
		<dict>
			<key>baseConfigurationReference</key>
			<string>1DBAFD0CA90B4FE19926428F</string>
			<key>buildSettings</key>
			<dict>
				<key>GCC_PRECOMPILE_PREFIX_HEADER</key>
				<string>YES</string>
				<key>GCC_PREFIX_HEADER</key>
				<string>RKGist/RKGist-Prefix.pch</string>
				<key>INFOPLIST_FILE</key>
				<string>RKGist/RKGist-Info.plist</string>
				<key>PRODUCT_NAME</key>
				<string>$(TARGET_NAME)</string>
				<key>WRAPPER_EXTENSION</key>
				<string>app</string>
			</dict>
			<key>isa</key>
			<string>XCBuildConfiguration</string>
			<key>name</key>
			<string>Release</string>
		</dict>
		<key>259DC62D16C9B56C00045C36</key>
		<dict>
			<key>buildConfigurations</key>
			<array>
				<string>259DC62E16C9B56C00045C36</string>
				<string>259DC62F16C9B56C00045C36</string>
			</array>
			<key>defaultConfigurationIsVisible</key>
			<string>0</string>
			<key>isa</key>
			<string>XCConfigurationList</string>
		</dict>
		<key>259DC62E16C9B56C00045C36</key>
		<dict>
			<key>buildSettings</key>
			<dict>
				<key>BUNDLE_LOADER</key>
				<string>$(BUILT_PRODUCTS_DIR)/RKGist.app/RKGist</string>
				<key>FRAMEWORK_SEARCH_PATHS</key>
				<array>
					<string>"$(SDKROOT)/Developer/Library/Frameworks"</string>
					<string>"$(DEVELOPER_LIBRARY_DIR)/Frameworks"</string>
				</array>
				<key>GCC_PRECOMPILE_PREFIX_HEADER</key>
				<string>YES</string>
				<key>GCC_PREFIX_HEADER</key>
				<string>RKGist/RKGist-Prefix.pch</string>
				<key>INFOPLIST_FILE</key>
				<string>RKGistTests/RKGistTests-Info.plist</string>
				<key>PRODUCT_NAME</key>
				<string>$(TARGET_NAME)</string>
				<key>TEST_HOST</key>
				<string>$(BUNDLE_LOADER)</string>
				<key>WRAPPER_EXTENSION</key>
				<string>octest</string>
			</dict>
			<key>isa</key>
			<string>XCBuildConfiguration</string>
			<key>name</key>
			<string>Debug</string>
		</dict>
		<key>259DC62F16C9B56C00045C36</key>
		<dict>
			<key>buildSettings</key>
			<dict>
				<key>BUNDLE_LOADER</key>
				<string>$(BUILT_PRODUCTS_DIR)/RKGist.app/RKGist</string>
				<key>FRAMEWORK_SEARCH_PATHS</key>
				<array>
					<string>"$(SDKROOT)/Developer/Library/Frameworks"</string>
					<string>"$(DEVELOPER_LIBRARY_DIR)/Frameworks"</string>
				</array>
				<key>GCC_PRECOMPILE_PREFIX_HEADER</key>
				<string>YES</string>
				<key>GCC_PREFIX_HEADER</key>
				<string>RKGist/RKGist-Prefix.pch</string>
				<key>INFOPLIST_FILE</key>
				<string>RKGistTests/RKGistTests-Info.plist</string>
				<key>PRODUCT_NAME</key>
				<string>$(TARGET_NAME)</string>
				<key>TEST_HOST</key>
				<string>$(BUNDLE_LOADER)</string>
				<key>WRAPPER_EXTENSION</key>
				<string>octest</string>
			</dict>
			<key>isa</key>
			<string>XCBuildConfiguration</string>
			<key>name</key>
			<string>Release</string>
		</dict>
		<key>44ED6A90347B416391D9847E</key>
		<dict>
			<key>buildActionMask</key>
			<string>2147483647</string>
			<key>files</key>
			<array/>
			<key>inputPaths</key>
			<array/>
			<key>isa</key>
			<string>PBXShellScriptBuildPhase</string>
			<key>name</key>
			<string>Copy Pods Resources</string>
			<key>outputPaths</key>
			<array/>
			<key>runOnlyForDeploymentPostprocessing</key>
			<string>0</string>
			<key>shellPath</key>
			<string>/bin/sh</string>
			<key>shellScript</key>
			<string>"${SRCROOT}/Pods/Pods-resources.sh"
</string>
			<key>showEnvVarsInLog</key>
			<string>1</string>
		</dict>
		<key>50D65A37938942BE8A8734FD</key>
		<dict>
			<key>fileRef</key>
			<string>9F50564DCB314D8C829CBDAB</string>
			<key>isa</key>
			<string>PBXBuildFile</string>
			<key>settings</key>
			<dict/>
		</dict>
		<key>9F50564DCB314D8C829CBDAB</key>
		<dict>
			<key>explicitFileType</key>
			<string>archive.ar</string>
			<key>includeInIndex</key>
			<string>0</string>
			<key>isa</key>
			<string>PBXFileReference</string>
			<key>name</key>
			<string>libPods.a</string>
			<key>path</key>
			<string>libPods.a</string>
			<key>sourceTree</key>
			<string>BUILT_PRODUCTS_DIR</string>
		</dict>
	</dict>
	<key>rootObject</key>
	<string>259DC5E116C9B56B00045C36</string>
</dict>
</plist>
